<?xml version="1.0" encoding="utf-8"?>
<Project ToolsVersion="4.0" xmlns="http://schemas.microsoft.com/developer/msbuild/2003">
  <ItemGroup>
    <Filter Include="Source Files">
      <UniqueIdentifier>{4FC737F1-C7A5-4376-A066-2A32D752A2FF}</UniqueIdentifier>
      <Extensions>cpp;c;cc;cxx;def;odl;idl;hpj;bat;asm;asmx</Extensions>
    </Filter>
    <Filter Include="Header Files">
      <UniqueIdentifier>{93995380-89BD-4b04-88EB-625FBE52EBFB}</UniqueIdentifier>
      <Extensions>h;hh;hpp;hxx;hm;inl;inc;ipp;xsd</Extensions>
    </Filter>
    <Filter Include="Resource Files">
      <UniqueIdentifier>{67DA6AB6-F800-4c08-8B7A-83BB121AAD01}</UniqueIdentifier>
      <Extensions>rc;ico;cur;bmp;dlg;rc2;rct;bin;rgs;gif;jpg;jpeg;jpe;resx;tiff;tif;png;wav;mfcribbon-ms</Extensions>
    </Filter>
  </ItemGroup>
  <ItemGroup>
    <ClInclude Include="calc.h">
      <Filter>Header Files</Filter>
    </ClInclude>
    <ClInclude Include="api.h">
      <Filter>Header Files</Filter>
    </ClInclude>
    <ClInclude Include="config.h">
      <Filter>Header Files</Filter>
    </ClInclude>
    <ClInclude Include="shared\hashmap\HashMap.h">
      <Filter>Header Files</Filter>
    </ClInclude>
    <ClInclude Include="shared\mathexpression\MathExpressionBase.h">
      <Filter>Header Files</Filter>
    </ClInclude>
    <ClInclude Include="messages.h">
      <Filter>Header Files</Filter>
    </ClInclude>
    <ClInclude Include="newparse.h">
      <Filter>Header Files</Filter>
    </ClInclude>
    <ClInclude Include="sarg.h">
      <Filter>Header Files</Filter>
    </ClInclude>
    <ClInclude Include="syntax.h">
      <Filter>Header Files</Filter>
    </ClInclude>
    <ClInclude Include="shared\ttmath\ttmath.h">
      <Filter>Header Files</Filter>
    </ClInclude>
    <ClInclude Include="shared\ttmath\ttmathbig.h">
      <Filter>Header Files</Filter>
    </ClInclude>
    <ClInclude Include="shared\ttmath\ttmathint.h">
      <Filter>Header Files</Filter>
    </ClInclude>
    <ClInclude Include="shared\ttmath\ttmathobjects.h">
      <Filter>Header Files</Filter>
    </ClInclude>
    <ClInclude Include="shared\ttmath\ttmathparser.h">
      <Filter>Header Files</Filter>
    </ClInclude>
    <ClInclude Include="shared\ttmath\ttmathtypes.h">
      <Filter>Header Files</Filter>
    </ClInclude>
    <ClInclude Include="shared\ttmath\ttmathuint.h">
      <Filter>Header Files</Filter>
    </ClInclude>
    <ClInclude Include="shared\ttmath\ttmathuint_noasm.h">
      <Filter>Header Files</Filter>
    </ClInclude>
    <ClInclude Include="shared\ttmath\ttmathuint_x86.h">
      <Filter>Header Files</Filter>
    </ClInclude>
    <ClInclude Include="shared\ttmath\ttmathuint_x86_64.h">
      <Filter>Header Files</Filter>
    </ClInclude>
  </ItemGroup>
  <ItemGroup>
    <ClCompile Include="calc.cpp">
      <Filter>Source Files</Filter>
    </ClCompile>
    <ClCompile Include="api-far2.cpp">
      <Filter>Source Files</Filter>
    </ClCompile>
    <ClCompile Include="api-far3.cpp">
      <Filter>Source Files</Filter>
    </ClCompile>
    <ClCompile Include="api.cpp">
      <Filter>Source Files</Filter>
    </ClCompile>
    <ClCompile Include="config.cpp">
      <Filter>Source Files</Filter>
    </ClCompile>
    <ClCompile Include="newparse.cpp">
      <Filter>Source Files</Filter>
    </ClCompile>
    <ClCompile Include="sarg.cpp">
      <Filter>Source Files</Filter>
    </ClCompile>
    <ClCompile Include="shared\sgml\sgml.cpp">
      <Filter>Source Files</Filter>
    </ClCompile>
    <ClCompile Include="syntax.cpp">
      <Filter>Source Files</Filter>
    </ClCompile>
    <ClCompile Include="shared\trex\trex.c">
      <Filter>Source Files</Filter>
    </ClCompile>
  </ItemGroup>
  <ItemGroup>
    <ResourceCompile Include="calc.rc">
      <Filter>Resource Files</Filter>
    </ResourceCompile>
  </ItemGroup>
  <ItemGroup>
    <None Include="shared\ttmath\ttmathuint_x86_64_msvc.asm">
      <Filter>Source Files</Filter>
    </None>
  </ItemGroup>
</Project>